
Microsoft Visual Studio Solution File, Format Version 12.00
# Visual Studio Version 16
VisualStudioVersion = 16.0.30413.136
MinimumVisualStudioVersion = 10.0.40219.1
Project("{FAE04EC0-301F-11D3-BF4B-00C04F79EFBC}") = "Tech Project 2bb", "Tech Project 2bb.csproj", "{8F936F77-932E-4C61-9C6B-0B39C499A3AD}"
EndProject
Global
	GlobalSection(SolutionConfigurationPlatforms) = preSolution
		Debug|Any CPU = Debug|Any CPU
		Release|Any CPU = Release|Any CPU
	EndGlobalSection
	GlobalSection(ProjectConfigurationPlatforms) = postSolution
		{8F936F77-932E-4C61-9C6B-0B39C499A3AD}.Debug|Any CPU.ActiveCfg = Debug|Any CPU
		{8F936F77-932E-4C61-9C6B-0B39C499A3AD}.Debug|Any CPU.Build.0 = Debug|Any CPU
		{8F936F77-932E-4C61-9C6B-0B39C499A3AD}.Release|Any CPU.ActiveCfg = Release|Any CPU
		{8F936F77-932E-4C61-9C6B-0B39C499A3AD}.Release|Any CPU.Build.0 = Release|Any CPU
	EndGlobalSection
	GlobalSection(SolutionProperties) = preSolution
		HideSolutionNode = FALSE
	EndGlobalSection
	GlobalSection(ExtensibilityGlobals) = postSolution
		SolutionGuid = {A6A6BC7A-B677-4EE2-81F6-1CB4756AB0AE}
	EndGlobalSection
EndGlobal
